
Microsoft Visual Studio Solution File, Format Version 11.00
# Visual Studio 2010
Project("{FAE04EC0-301F-11D3-BF4B-00C04F79EFBC}") = "SF_MergeProfilesTool", "SF_MergeProfilesTool\SF_MergeProfilesTool.csproj", "{E84D149F-97EB-43C8-8436-EDAF2E8A9419}"
EndProject
Global
	GlobalSection(SolutionConfigurationPlatforms) = preSolution
		Debug|x86 = Debug|x86
		Release|x86 = Release|x86
	EndGlobalSection
	GlobalSection(ProjectConfigurationPlatforms) = postSolution
		{E84D149F-97EB-43C8-8436-EDAF2E8A9419}.Debug|x86.ActiveCfg = Debug|x86
		{E84D149F-97EB-43C8-8436-EDAF2E8A9419}.Debug|x86.Build.0 = Debug|x86
		{E84D149F-97EB-43C8-8436-EDAF2E8A9419}.Release|x86.ActiveCfg = Release|x86
		{E84D149F-97EB-43C8-8436-EDAF2E8A9419}.Release|x86.Build.0 = Release|x86
	EndGlobalSection
	GlobalSection(SolutionProperties) = preSolution
		HideSolutionNode = FALSE
	EndGlobalSection
EndGlobal
